// !$*UTF8*$!
{
	archiveVersion = 1;
	classes = {
	};
	objectVersion = 55;
	objects = {

/* Begin PBXBuildFile section */
		C44D117C28267C500027BEB6 /* MyCard.swift in Sources */ = {isa = PBXBuildFile; fileRef = C44D117B28267C500027BEB6 /* MyCard.swift */; };
		C44D117E2826826E0027BEB6 /* MyList.swift in Sources */ = {isa = PBXBuildFile; fileRef = C44D117D2826826E0027BEB6 /* MyList.swift */; };
		C4B1E3B128255A3E00C70F0C /* UILayoutApp.swift in Sources */ = {isa = PBXBuildFile; fileRef = C4B1E3B028255A3E00C70F0C /* UILayoutApp.swift */; };
		C4B1E3B328255A3E00C70F0C /* ContentView.swift in Sources */ = {isa = PBXBuildFile; fileRef = C4B1E3B228255A3E00C70F0C /* ContentView.swift */; };
		C4B1E3B528255A3F00C70F0C /* Assets.xcassets in Resources */ = {isa = PBXBuildFile; fileRef = C4B1E3B428255A3F00C70F0C /* Assets.xcassets */; };
		C4B1E3B828255A3F00C70F0C /* Preview Assets.xcassets in Resources */ = {isa = PBXBuildFile; fileRef = C4B1E3B728255A3F00C70F0C /* Preview Assets.xcassets */; };
		C4B1E3BA28255A3F00C70F0C /* Persistence.swift in Sources */ = {isa = PBXBuildFile; fileRef = C4B1E3B928255A3F00C70F0C /* Persistence.swift */; };
		C4B1E3BD28255A3F00C70F0C /* UILayout.xcdatamodeld in Sources */ = {isa = PBXBuildFile; fileRef = C4B1E3BB28255A3F00C70F0C /* UILayout.xcdatamodeld */; };
		C4B1E3C728255A3F00C70F0C /* UILayoutTests.swift in Sources */ = {isa = PBXBuildFile; fileRef = C4B1E3C628255A3F00C70F0C /* UILayoutTests.swift */; };
		C4B1E3D128255A3F00C70F0C /* UILayoutUITests.swift in Sources */ = {isa = PBXBuildFile; fileRef = C4B1E3D028255A3F00C70F0C /* UILayoutUITests.swift */; };
		C4B1E3D328255A3F00C70F0C /* UILayoutUITestsLaunchTests.swift in Sources */ = {isa = PBXBuildFile; fileRef = C4B1E3D228255A3F00C70F0C /* UILayoutUITestsLaunchTests.swift */; };
		C4B1E3E028255A8500C70F0C /* MyProjectCard.swift in Sources */ = {isa = PBXBuildFile; fileRef = C4B1E3DF28255A8500C70F0C /* MyProjectCard.swift */; };
		C4B1E3E22825613B00C70F0C /* MyBasicCard.swift in Sources */ = {isa = PBXBuildFile; fileRef = C4B1E3E12825613B00C70F0C /* MyBasicCard.swift */; };
		C4DE50392829623700730ECE /* ProfileView.swift in Sources */ = {isa = PBXBuildFile; fileRef = C4DE50382829623700730ECE /* ProfileView.swift */; };
		C4E04EFD282833AE00351909 /* AddCard.swift in Sources */ = {isa = PBXBuildFile; fileRef = C4E04EFC282833AE00351909 /* AddCard.swift */; };
/* End PBXBuildFile section */

/* Begin PBXContainerItemProxy section */
		C4B1E3C328255A3F00C70F0C /* PBXContainerItemProxy */ = {
			isa = PBXContainerItemProxy;
			containerPortal = C4B1E3A528255A3E00C70F0C /* Project object */;
			proxyType = 1;
			remoteGlobalIDString = C4B1E3AC28255A3E00C70F0C;
			remoteInfo = UILayout;
		};
		C4B1E3CD28255A3F00C70F0C /* PBXContainerItemProxy */ = {
			isa = PBXContainerItemProxy;
			containerPortal = C4B1E3A528255A3E00C70F0C /* Project object */;
			proxyType = 1;
			remoteGlobalIDString = C4B1E3AC28255A3E00C70F0C;
			remoteInfo = UILayout;
		};
/* End PBXContainerItemProxy section */

/* Begin PBXFileReference section */
		C44D117B28267C500027BEB6 /* MyCard.swift */ = {isa = PBXFileReference; lastKnownFileType = sourcecode.swift; path = MyCard.swift; sourceTree = "<group>"; };
		C44D117D2826826E0027BEB6 /* MyList.swift */ = {isa = PBXFileReference; lastKnownFileType = sourcecode.swift; path = MyList.swift; sourceTree = "<group>"; };
		C4B1E3AD28255A3E00C70F0C /* UILayout.app */ = {isa = PBXFileReference; explicitFileType = wrapper.application; includeInIndex = 0; path = UILayout.app; sourceTree = BUILT_PRODUCTS_DIR; };
		C4B1E3B028255A3E00C70F0C /* UILayoutApp.swift */ = {isa = PBXFileReference; lastKnownFileType = sourcecode.swift; path = UILayoutApp.swift; sourceTree = "<group>"; };
		C4B1E3B228255A3E00C70F0C /* ContentView.swift */ = {isa = PBXFileReference; lastKnownFileType = sourcecode.swift; path = ContentView.swift; sourceTree = "<group>"; };
		C4B1E3B428255A3F00C70F0C /* Assets.xcassets */ = {isa = PBXFileReference; lastKnownFileType = folder.assetcatalog; path = Assets.xcassets; sourceTree = "<group>"; };
		C4B1E3B728255A3F00C70F0C /* Preview Assets.xcassets */ = {isa = PBXFileReference; lastKnownFileType = folder.assetcatalog; path = "Preview Assets.xcassets"; sourceTree = "<group>"; };
		C4B1E3B928255A3F00C70F0C /* Persistence.swift */ = {isa = PBXFileReference; lastKnownFileType = sourcecode.swift; path = Persistence.swift; sourceTree = "<group>"; };
		C4B1E3BC28255A3F00C70F0C /* UILayout.xcdatamodel */ = {isa = PBXFileReference; lastKnownFileType = wrapper.xcdatamodel; path = UILayout.xcdatamodel; sourceTree = "<group>"; };
		C4B1E3C228255A3F00C70F0C /* UILayoutTests.xctest */ = {isa = PBXFileReference; explicitFileType = wrapper.cfbundle; includeInIndex = 0; path = UILayoutTests.xctest; sourceTree = BUILT_PRODUCTS_DIR; };
		C4B1E3C628255A3F00C70F0C /* UILayoutTests.swift */ = {isa = PBXFileReference; lastKnownFileType = sourcecode.swift; path = UILayoutTests.swift; sourceTree = "<group>"; };
		C4B1E3CC28255A3F00C70F0C /* UILayoutUITests.xctest */ = {isa = PBXFileReference; explicitFileType = wrapper.cfbundle; includeInIndex = 0; path = UILayoutUITests.xctest; sourceTree = BUILT_PRODUCTS_DIR; };
		C4B1E3D028255A3F00C70F0C /* UILayoutUITests.swift */ = {isa = PBXFileReference; lastKnownFileType = sourcecode.swift; path = UILayoutUITests.swift; sourceTree = "<group>"; };
		C4B1E3D228255A3F00C70F0C /* UILayoutUITestsLaunchTests.swift */ = {isa = PBXFileReference; lastKnownFileType = sourcecode.swift; path = UILayoutUITestsLaunchTests.swift; sourceTree = "<group>"; };
		C4B1E3DF28255A8500C70F0C /* MyProjectCard.swift */ = {isa = PBXFileReference; lastKnownFileType = sourcecode.swift; path = MyProjectCard.swift; sourceTree = "<group>"; };
		C4B1E3E12825613B00C70F0C /* MyBasicCard.swift */ = {isa = PBXFileReference; lastKnownFileType = sourcecode.swift; path = MyBasicCard.swift; sourceTree = "<group>"; };
		C4DE50382829623700730ECE /* ProfileView.swift */ = {isa = PBXFileReference; lastKnownFileType = sourcecode.swift; path = ProfileView.swift; sourceTree = "<group>"; };
		C4E04EFC282833AE00351909 /* AddCard.swift */ = {isa = PBXFileReference; lastKnownFileType = sourcecode.swift; path = AddCard.swift; sourceTree = "<group>"; };
/* End PBXFileReference section */

/* Begin PBXFrameworksBuildPhase section */
		C4B1E3AA28255A3E00C70F0C /* Frameworks */ = {
			isa = PBXFrameworksBuildPhase;
			buildActionMask = 2147483647;
			files = (
			);
			runOnlyForDeploymentPostprocessing = 0;
		};
		C4B1E3BF28255A3F00C70F0C /* Frameworks */ = {
			isa = PBXFrameworksBuildPhase;
			buildActionMask = 2147483647;
			files = (
			);
			runOnlyForDeploymentPostprocessing = 0;
		};
		C4B1E3C928255A3F00C70F0C /* Frameworks */ = {
			isa = PBXFrameworksBuildPhase;
			buildActionMask = 2147483647;
			files = (
			);
			runOnlyForDeploymentPostprocessing = 0;
		};
/* End PBXFrameworksBuildPhase section */

/* Begin PBXGroup section */
		C4B1E3A428255A3E00C70F0C = {
			isa = PBXGroup;
			children = (
				C4B1E3AF28255A3E00C70F0C /* UILayout */,
				C4B1E3C528255A3F00C70F0C /* UILayoutTests */,
				C4B1E3CF28255A3F00C70F0C /* UILayoutUITests */,
				C4B1E3AE28255A3E00C70F0C /* Products */,
			);
			sourceTree = "<group>";
		};
		C4B1E3AE28255A3E00C70F0C /* Products */ = {
			isa = PBXGroup;
			children = (
				C4B1E3AD28255A3E00C70F0C /* UILayout.app */,
				C4B1E3C228255A3F00C70F0C /* UILayoutTests.xctest */,
				C4B1E3CC28255A3F00C70F0C /* UILayoutUITests.xctest */,
			);
			name = Products;
			sourceTree = "<group>";
		};
		C4B1E3AF28255A3E00C70F0C /* UILayout */ = {
			isa = PBXGroup;
			children = (
				C4B1E3B028255A3E00C70F0C /* UILayoutApp.swift */,
				C4B1E3B228255A3E00C70F0C /* ContentView.swift */,
				C4B1E3B428255A3F00C70F0C /* Assets.xcassets */,
				C4B1E3B928255A3F00C70F0C /* Persistence.swift */,
				C4B1E3BB28255A3F00C70F0C /* UILayout.xcdatamodeld */,
				C4B1E3B628255A3F00C70F0C /* Preview Content */,
				C4B1E3DF28255A8500C70F0C /* MyProjectCard.swift */,
				C4B1E3E12825613B00C70F0C /* MyBasicCard.swift */,
				C44D117B28267C500027BEB6 /* MyCard.swift */,
				C44D117D2826826E0027BEB6 /* MyList.swift */,
				C4E04EFC282833AE00351909 /* AddCard.swift */,
				C4DE50382829623700730ECE /* ProfileView.swift */,
			);
			path = UILayout;
			sourceTree = "<group>";
		};
		C4B1E3B628255A3F00C70F0C /* Preview Content */ = {
			isa = PBXGroup;
			children = (
				C4B1E3B728255A3F00C70F0C /* Preview Assets.xcassets */,
			);
			path = "Preview Content";
			sourceTree = "<group>";
		};
		C4B1E3C528255A3F00C70F0C /* UILayoutTests */ = {
			isa = PBXGroup;
			children = (
				C4B1E3C628255A3F00C70F0C /* UILayoutTests.swift */,
			);
			path = UILayoutTests;
			sourceTree = "<group>";
		};
		C4B1E3CF28255A3F00C70F0C /* UILayoutUITests */ = {
			isa = PBXGroup;
			children = (
				C4B1E3D028255A3F00C70F0C /* UILayoutUITests.swift */,
				C4B1E3D228255A3F00C70F0C /* UILayoutUITestsLaunchTests.swift */,
			);
			path = UILayoutUITests;
			sourceTree = "<group>";
		};
/* End PBXGroup section */

/* Begin PBXNativeTarget section */
		C4B1E3AC28255A3E00C70F0C /* UILayout */ = {
			isa = PBXNativeTarget;
			buildConfigurationList = C4B1E3D628255A3F00C70F0C /* Build configuration list for PBXNativeTarget "UILayout" */;
			buildPhases = (
				C4B1E3A928255A3E00C70F0C /* Sources */,
				C4B1E3AA28255A3E00C70F0C /* Frameworks */,
				C4B1E3AB28255A3E00C70F0C /* Resources */,
			);
			buildRules = (
			);
			dependencies = (
			);
			name = UILayout;
			productName = UILayout;
			productReference = C4B1E3AD28255A3E00C70F0C /* UILayout.app */;
			productType = "com.apple.product-type.application";
		};
		C4B1E3C128255A3F00C70F0C /* UILayoutTests */ = {
			isa = PBXNativeTarget;
			buildConfigurationList = C4B1E3D928255A3F00C70F0C /* Build configuration list for PBXNativeTarget "UILayoutTests" */;
			buildPhases = (
				C4B1E3BE28255A3F00C70F0C /* Sources */,
				C4B1E3BF28255A3F00C70F0C /* Frameworks */,
				C4B1E3C028255A3F00C70F0C /* Resources */,
			);
			buildRules = (
			);
			dependencies = (
				C4B1E3C428255A3F00C70F0C /* PBXTargetDependency */,
			);
			name = UILayoutTests;
			productName = UILayoutTests;
			productReference = C4B1E3C228255A3F00C70F0C /* UILayoutTests.xctest */;
			productType = "com.apple.product-type.bundle.unit-test";
		};
		C4B1E3CB28255A3F00C70F0C /* UILayoutUITests */ = {
			isa = PBXNativeTarget;
			buildConfigurationList = C4B1E3DC28255A3F00C70F0C /* Build configuration list for PBXNativeTarget "UILayoutUITests" */;
			buildPhases = (
				C4B1E3C828255A3F00C70F0C /* Sources */,
				C4B1E3C928255A3F00C70F0C /* Frameworks */,
				C4B1E3CA28255A3F00C70F0C /* Resources */,
			);
			buildRules = (
			);
			dependencies = (
				C4B1E3CE28255A3F00C70F0C /* PBXTargetDependency */,
			);
			name = UILayoutUITests;
			productName = UILayoutUITests;
			productReference = C4B1E3CC28255A3F00C70F0C /* UILayoutUITests.xctest */;
			productType = "com.apple.product-type.bundle.ui-testing";
		};
/* End PBXNativeTarget section */

/* Begin PBXProject section */
		C4B1E3A528255A3E00C70F0C /* Project object */ = {
			isa = PBXProject;
			attributes = {
				BuildIndependentTargetsInParallel = 1;
				LastSwiftUpdateCheck = 1320;
				LastUpgradeCheck = 1320;
				TargetAttributes = {
					C4B1E3AC28255A3E00C70F0C = {
						CreatedOnToolsVersion = 13.2.1;
					};
					C4B1E3C128255A3F00C70F0C = {
						CreatedOnToolsVersion = 13.2.1;
						TestTargetID = C4B1E3AC28255A3E00C70F0C;
					};
					C4B1E3CB28255A3F00C70F0C = {
						CreatedOnToolsVersion = 13.2.1;
						TestTargetID = C4B1E3AC28255A3E00C70F0C;
					};
				};
			};
			buildConfigurationList = C4B1E3A828255A3E00C70F0C /* Build configuration list for PBXProject "UILayout" */;
			compatibilityVersion = "Xcode 13.0";
			developmentRegion = en;
			hasScannedForEncodings = 0;
			knownRegions = (
				en,
				Base,
			);
			mainGroup = C4B1E3A428255A3E00C70F0C;
			productRefGroup = C4B1E3AE28255A3E00C70F0C /* Products */;
			projectDirPath = "";
			projectRoot = "";
			targets = (
				C4B1E3AC28255A3E00C70F0C /* UILayout */,
				C4B1E3C128255A3F00C70F0C /* UILayoutTests */,
				C4B1E3CB28255A3F00C70F0C /* UILayoutUITests */,
			);
		};
/* End PBXProject section */

/* Begin PBXResourcesBuildPhase section */
		C4B1E3AB28255A3E00C70F0C /* Resources */ = {
			isa = PBXResourcesBuildPhase;
			buildActionMask = 2147483647;
			files = (
				C4B1E3B828255A3F00C70F0C /* Preview Assets.xcassets in Resources */,
				C4B1E3B528255A3F00C70F0C /* Assets.xcassets in Resources */,
			);
			runOnlyForDeploymentPostprocessing = 0;
		};
		C4B1E3C028255A3F00C70F0C /* Resources */ = {
			isa = PBXResourcesBuildPhase;
			buildActionMask = 2147483647;
			files = (
			);
			runOnlyForDeploymentPostprocessing = 0;
		};
		C4B1E3CA28255A3F00C70F0C /* Resources */ = {
			isa = PBXResourcesBuildPhase;
			buildActionMask = 2147483647;
			files = (
			);
			runOnlyForDeploymentPostprocessing = 0;
		};
/* End PBXResourcesBuildPhase section */

/* Begin PBXSourcesBuildPhase section */
		C4B1E3A928255A3E00C70F0C /* Sources */ = {
			isa = PBXSourcesBuildPhase;
			buildActionMask = 2147483647;
			files = (
				C4B1E3BA28255A3F00C70F0C /* Persistence.swift in Sources */,
				C4E04EFD282833AE00351909 /* AddCard.swift in Sources */,
				C4DE50392829623700730ECE /* ProfileView.swift in Sources */,
				C44D117E2826826E0027BEB6 /* MyList.swift in Sources */,
				C4B1E3BD28255A3F00C70F0C /* UILayout.xcdatamodeld in Sources */,
				C44D117C28267C500027BEB6 /* MyCard.swift in Sources */,
				C4B1E3E028255A8500C70F0C /* MyProjectCard.swift in Sources */,
				C4B1E3B328255A3E00C70F0C /* ContentView.swift in Sources */,
				C4B1E3E22825613B00C70F0C /* MyBasicCard.swift in Sources */,
				C4B1E3B128255A3E00C70F0C /* UILayoutApp.swift in Sources */,
			);
			runOnlyForDeploymentPostprocessing = 0;
		};
		C4B1E3BE28255A3F00C70F0C /* Sources */ = {
			isa = PBXSourcesBuildPhase;
			buildActionMask = 2147483647;
			files = (
				C4B1E3C728255A3F00C70F0C /* UILayoutTests.swift in Sources */,
			);
			runOnlyForDeploymentPostprocessing = 0;
		};
		C4B1E3C828255A3F00C70F0C /* Sources */ = {
			isa = PBXSourcesBuildPhase;
			buildActionMask = 2147483647;
			files = (
				C4B1E3D328255A3F00C70F0C /* UILayoutUITestsLaunchTests.swift in Sources */,
				C4B1E3D128255A3F00C70F0C /* UILayoutUITests.swift in Sources */,
			);
			runOnlyForDeploymentPostprocessing = 0;
		};
/* End PBXSourcesBuildPhase section */

/* Begin PBXTargetDependency section */
		C4B1E3C428255A3F00C70F0C /* PBXTargetDependency */ = {
			isa = PBXTargetDependency;
			target = C4B1E3AC28255A3E00C70F0C /* UILayout */;
			targetProxy = C4B1E3C328255A3F00C70F0C /* PBXContainerItemProxy */;
		};
		C4B1E3CE28255A3F00C70F0C /* PBXTargetDependency */ = {
			isa = PBXTargetDependency;
			target = C4B1E3AC28255A3E00C70F0C /* UILayout */;
			targetProxy = C4B1E3CD28255A3F00C70F0C /* PBXContainerItemProxy */;
		};
/* End PBXTargetDependency section */

/* Begin XCBuildConfiguration section */
		C4B1E3D428255A3F00C70F0C /* Debug */ = {
			isa = XCBuildConfiguration;
			buildSettings = {
				ALWAYS_SEARCH_USER_PATHS = NO;
				CLANG_ANALYZER_NONNULL = YES;
				CLANG_ANALYZER_NUMBER_OBJECT_CONVERSION = YES_AGGRESSIVE;
				CLANG_CXX_LANGUAGE_STANDARD = "gnu++17";
				CLANG_CXX_LIBRARY = "libc++";
				CLANG_ENABLE_MODULES = YES;
				CLANG_ENABLE_OBJC_ARC = YES;
				CLANG_ENABLE_OBJC_WEAK = YES;
				CLANG_WARN_BLOCK_CAPTURE_AUTORELEASING = YES;
				CLANG_WARN_BOOL_CONVERSION = YES;
				CLANG_WARN_COMMA = YES;
				CLANG_WARN_CONSTANT_CONVERSION = YES;
				CLANG_WARN_DEPRECATED_OBJC_IMPLEMENTATIONS = YES;
				CLANG_WARN_DIRECT_OBJC_ISA_USAGE = YES_ERROR;
				CLANG_WARN_DOCUMENTATION_COMMENTS = YES;
				CLANG_WARN_EMPTY_BODY = YES;
				CLANG_WARN_ENUM_CONVERSION = YES;
				CLANG_WARN_INFINITE_RECURSION = YES;
				CLANG_WARN_INT_CONVERSION = YES;
				CLANG_WARN_NON_LITERAL_NULL_CONVERSION = YES;
				CLANG_WARN_OBJC_IMPLICIT_RETAIN_SELF = YES;
				CLANG_WARN_OBJC_LITERAL_CONVERSION = YES;
				CLANG_WARN_OBJC_ROOT_CLASS = YES_ERROR;
				CLANG_WARN_QUOTED_INCLUDE_IN_FRAMEWORK_HEADER = YES;
				CLANG_WARN_RANGE_LOOP_ANALYSIS = YES;
				CLANG_WARN_STRICT_PROTOTYPES = YES;
				CLANG_WARN_SUSPICIOUS_MOVE = YES;
				CLANG_WARN_UNGUARDED_AVAILABILITY = YES_AGGRESSIVE;
				CLANG_WARN_UNREACHABLE_CODE = YES;
				CLANG_WARN__DUPLICATE_METHOD_MATCH = YES;
				COPY_PHASE_STRIP = NO;
				DEBUG_INFORMATION_FORMAT = dwarf;
				ENABLE_STRICT_OBJC_MSGSEND = YES;
				ENABLE_TESTABILITY = YES;
				GCC_C_LANGUAGE_STANDARD = gnu11;
				GCC_DYNAMIC_NO_PIC = NO;
				GCC_NO_COMMON_BLOCKS = YES;
				GCC_OPTIMIZATION_LEVEL = 0;
				GCC_PREPROCESSOR_DEFINITIONS = (
					"DEBUG=1",
					"$(inherited)",
				);
				GCC_WARN_64_TO_32_BIT_CONVERSION = YES;
				GCC_WARN_ABOUT_RETURN_TYPE = YES_ERROR;
				GCC_WARN_UNDECLARED_SELECTOR = YES;
				GCC_WARN_UNINITIALIZED_AUTOS = YES_AGGRESSIVE;
				GCC_WARN_UNUSED_FUNCTION = YES;
				GCC_WARN_UNUSED_VARIABLE = YES;
				IPHONEOS_DEPLOYMENT_TARGET = 15.2;
				MTL_ENABLE_DEBUG_INFO = INCLUDE_SOURCE;
				MTL_FAST_MATH = YES;
				ONLY_ACTIVE_ARCH = YES;
				SDKROOT = iphoneos;
				SWIFT_ACTIVE_COMPILATION_CONDITIONS = DEBUG;
				SWIFT_OPTIMIZATION_LEVEL = "-Onone";
			};
			name = Debug;
		};
		C4B1E3D528255A3F00C70F0C /* Release */ = {
			isa = XCBuildConfiguration;
			buildSettings = {
				ALWAYS_SEARCH_USER_PATHS = NO;
				CLANG_ANALYZER_NONNULL = YES;
				CLANG_ANALYZER_NUMBER_OBJECT_CONVERSION = YES_AGGRESSIVE;
				CLANG_CXX_LANGUAGE_STANDARD = "gnu++17";
				CLANG_CXX_LIBRARY = "libc++";
				CLANG_ENABLE_MODULES = YES;
				CLANG_ENABLE_OBJC_ARC = YES;
				CLANG_ENABLE_OBJC_WEAK = YES;
				CLANG_WARN_BLOCK_CAPTURE_AUTORELEASING = YES;
				CLANG_WARN_BOOL_CONVERSION = YES;
				CLANG_WARN_COMMA = YES;
				CLANG_WARN_CONSTANT_CONVERSION = YES;
				CLANG_WARN_DEPRECATED_OBJC_IMPLEMENTATIONS = YES;
				CLANG_WARN_DIRECT_OBJC_ISA_USAGE = YES_ERROR;
				CLANG_WARN_DOCUMENTATION_COMMENTS = YES;
				CLANG_WARN_EMPTY_BODY = YES;
				CLANG_WARN_ENUM_CONVERSION = YES;
				CLANG_WARN_INFINITE_RECURSION = YES;
				CLANG_WARN_INT_CONVERSION = YES;
				CLANG_WARN_NON_LITERAL_NULL_CONVERSION = YES;
				CLANG_WARN_OBJC_IMPLICIT_RETAIN_SELF = YES;
				CLANG_WARN_OBJC_LITERAL_CONVERSION = YES;
				CLANG_WARN_OBJC_ROOT_CLASS = YES_ERROR;
				CLANG_WARN_QUOTED_INCLUDE_IN_FRAMEWORK_HEADER = YES;
				CLANG_WARN_RANGE_LOOP_ANALYSIS = YES;
				CLANG_WARN_STRICT_PROTOTYPES = YES;
				CLANG_WARN_SUSPICIOUS_MOVE = YES;
				CLANG_WARN_UNGUARDED_AVAILABILITY = YES_AGGRESSIVE;
				CLANG_WARN_UNREACHABLE_CODE = YES;
				CLANG_WARN__DUPLICATE_METHOD_MATCH = YES;
				COPY_PHASE_STRIP = NO;
				DEBUG_INFORMATION_FORMAT = "dwarf-with-dsym";
				ENABLE_NS_ASSERTIONS = NO;
				ENABLE_STRICT_OBJC_MSGSEND = YES;
				GCC_C_LANGUAGE_STANDARD = gnu11;
				GCC_NO_COMMON_BLOCKS = YES;
				GCC_WARN_64_TO_32_BIT_CONVERSION = YES;
				GCC_WARN_ABOUT_RETURN_TYPE = YES_ERROR;
				GCC_WARN_UNDECLARED_SELECTOR = YES;
				GCC_WARN_UNINITIALIZED_AUTOS = YES_AGGRESSIVE;
				GCC_WARN_UNUSED_FUNCTION = YES;
				GCC_WARN_UNUSED_VARIABLE = YES;
				IPHONEOS_DEPLOYMENT_TARGET = 15.2;
				MTL_ENABLE_DEBUG_INFO = NO;
				MTL_FAST_MATH = YES;
				SDKROOT = iphoneos;
				SWIFT_COMPILATION_MODE = wholemodule;
				SWIFT_OPTIMIZATION_LEVEL = "-O";
				VALIDATE_PRODUCT = YES;
			};
			name = Release;
		};
		C4B1E3D728255A3F00C70F0C /* Debug */ = {
			isa = XCBuildConfiguration;
			buildSettings = {
				ASSETCATALOG_COMPILER_APPICON_NAME = AppIcon;
				ASSETCATALOG_COMPILER_GLOBAL_ACCENT_COLOR_NAME = AccentColor;
				CODE_SIGN_STYLE = Automatic;
				CURRENT_PROJECT_VERSION = 1;
				DEVELOPMENT_ASSET_PATHS = "\"UILayout/Preview Content\"";
				DEVELOPMENT_TEAM = DU88KW67TH;
				ENABLE_PREVIEWS = YES;
				GENERATE_INFOPLIST_FILE = YES;
				INFOPLIST_KEY_UIApplicationSceneManifest_Generation = YES;
				INFOPLIST_KEY_UIApplicationSupportsIndirectInputEvents = YES;
				INFOPLIST_KEY_UILaunchScreen_Generation = YES;
				INFOPLIST_KEY_UISupportedInterfaceOrientations_iPad = "UIInterfaceOrientationPortrait UIInterfaceOrientationPortraitUpsideDown UIInterfaceOrientationLandscapeLeft UIInterfaceOrientationLandscapeRight";
				INFOPLIST_KEY_UISupportedInterfaceOrientations_iPhone = "UIInterfaceOrientationPortrait UIInterfaceOrientationLandscapeLeft UIInterfaceOrientationLandscapeRight";
				LD_RUNPATH_SEARCH_PATHS = (
					"$(inherited)",
					"@executable_path/Frameworks",
				);
				MARKETING_VERSION = 1.0;
				PRODUCT_BUNDLE_IDENTIFIER = com.choikihun.UILayout;
				PRODUCT_NAME = "$(TARGET_NAME)";
				SWIFT_EMIT_LOC_STRINGS = YES;
				SWIFT_VERSION = 5.0;
				TARGETED_DEVICE_FAMILY = "1,2";
			};
			name = Debug;
		};
		C4B1E3D828255A3F00C70F0C /* Release */ = {
			isa = XCBuildConfiguration;
			buildSettings = {
				ASSETCATALOG_COMPILER_APPICON_NAME = AppIcon;
				ASSETCATALOG_COMPILER_GLOBAL_ACCENT_COLOR_NAME = AccentColor;
				CODE_SIGN_STYLE = Automatic;
				CURRENT_PROJECT_VERSION = 1;
				DEVELOPMENT_ASSET_PATHS = "\"UILayout/Preview Content\"";
				DEVELOPMENT_TEAM = DU88KW67TH;
				ENABLE_PREVIEWS = YES;
				GENERATE_INFOPLIST_FILE = YES;
				INFOPLIST_KEY_UIApplicationSceneManifest_Generation = YES;
				INFOPLIST_KEY_UIApplicationSupportsIndirectInputEvents = YES;
				INFOPLIST_KEY_UILaunchScreen_Generation = YES;
				INFOPLIST_KEY_UISupportedInterfaceOrientations_iPad = "UIInterfaceOrientationPortrait UIInterfaceOrientationPortraitUpsideDown UIInterfaceOrientationLandscapeLeft UIInterfaceOrientationLandscapeRight";
				INFOPLIST_KEY_UISupportedInterfaceOrientations_iPhone = "UIInterfaceOrientationPortrait UIInterfaceOrientationLandscapeLeft UIInterfaceOrientationLandscapeRight";
				LD_RUNPATH_SEARCH_PATHS = (
					"$(inherited)",
					"@executable_path/Frameworks",
				);
				MARKETING_VERSION = 1.0;
				PRODUCT_BUNDLE_IDENTIFIER = com.choikihun.UILayout;
				PRODUCT_NAME = "$(TARGET_NAME)";
				SWIFT_EMIT_LOC_STRINGS = YES;
				SWIFT_VERSION = 5.0;
				TARGETED_DEVICE_FAMILY = "1,2";
			};
			name = Release;
		};
		C4B1E3DA28255A3F00C70F0C /* Debug */ = {
			isa = XCBuildConfiguration;
			buildSettings = {
				ALWAYS_EMBED_SWIFT_STANDARD_LIBRARIES = YES;
				BUNDLE_LOADER = "$(TEST_HOST)";
				CODE_SIGN_STYLE = Automatic;
				CURRENT_PROJECT_VERSION = 1;
				DEVELOPMENT_TEAM = DU88KW67TH;
				GENERATE_INFOPLIST_FILE = YES;
				IPHONEOS_DEPLOYMENT_TARGET = 15.2;
				MARKETING_VERSION = 1.0;
				PRODUCT_BUNDLE_IDENTIFIER = com.choikihun.UILayoutTests;
				PRODUCT_NAME = "$(TARGET_NAME)";
				SWIFT_EMIT_LOC_STRINGS = NO;
				SWIFT_VERSION = 5.0;
				TARGETED_DEVICE_FAMILY = "1,2";
				TEST_HOST = "$(BUILT_PRODUCTS_DIR)/UILayout.app/UILayout";
			};
			name = Debug;
		};
		C4B1E3DB28255A3F00C70F0C /* Release */ = {
			isa = XCBuildConfiguration;
			buildSettings = {
				ALWAYS_EMBED_SWIFT_STANDARD_LIBRARIES = YES;
				BUNDLE_LOADER = "$(TEST_HOST)";
				CODE_SIGN_STYLE = Automatic;
				CURRENT_PROJECT_VERSION = 1;
				DEVELOPMENT_TEAM = DU88KW67TH;
				GENERATE_INFOPLIST_FILE = YES;
				IPHONEOS_DEPLOYMENT_TARGET = 15.2;
				MARKETING_VERSION = 1.0;
				PRODUCT_BUNDLE_IDENTIFIER = com.choikihun.UILayoutTests;
				PRODUCT_NAME = "$(TARGET_NAME)";
				SWIFT_EMIT_LOC_STRINGS = NO;
				SWIFT_VERSION = 5.0;
				TARGETED_DEVICE_FAMILY = "1,2";
				TEST_HOST = "$(BUILT_PRODUCTS_DIR)/UILayout.app/UILayout";
			};
			name = Release;
		};
		C4B1E3DD28255A3F00C70F0C /* Debug */ = {
			isa = XCBuildConfiguration;
			buildSettings = {
				ALWAYS_EMBED_SWIFT_STANDARD_LIBRARIES = YES;
				CODE_SIGN_STYLE = Automatic;
				CURRENT_PROJECT_VERSION = 1;
				DEVELOPMENT_TEAM = DU88KW67TH;
				GENERATE_INFOPLIST_FILE = YES;
				MARKETING_VERSION = 1.0;
				PRODUCT_BUNDLE_IDENTIFIER = com.choikihun.UILayoutUITests;
				PRODUCT_NAME = "$(TARGET_NAME)";
				SWIFT_EMIT_LOC_STRINGS = NO;
				SWIFT_VERSION = 5.0;
				TARGETED_DEVICE_FAMILY = "1,2";
				TEST_TARGET_NAME = UILayout;
			};
			name = Debug;
		};
		C4B1E3DE28255A3F00C70F0C /* Release */ = {
			isa = XCBuildConfiguration;
			buildSettings = {
				ALWAYS_EMBED_SWIFT_STANDARD_LIBRARIES = YES;
				CODE_SIGN_STYLE = Automatic;
				CURRENT_PROJECT_VERSION = 1;
				DEVELOPMENT_TEAM = DU88KW67TH;
				GENERATE_INFOPLIST_FILE = YES;
				MARKETING_VERSION = 1.0;
				PRODUCT_BUNDLE_IDENTIFIER = com.choikihun.UILayoutUITests;
				PRODUCT_NAME = "$(TARGET_NAME)";
				SWIFT_EMIT_LOC_STRINGS = NO;
				SWIFT_VERSION = 5.0;
				TARGETED_DEVICE_FAMILY = "1,2";
				TEST_TARGET_NAME = UILayout;
			};
			name = Release;
		};
/* End XCBuildConfiguration section */

/* Begin XCConfigurationList section */
		C4B1E3A828255A3E00C70F0C /* Build configuration list for PBXProject "UILayout" */ = {
			isa = XCConfigurationList;
			buildConfigurations = (
				C4B1E3D428255A3F00C70F0C /* Debug */,
				C4B1E3D528255A3F00C70F0C /* Release */,
			);
			defaultConfigurationIsVisible = 0;
			defaultConfigurationName = Release;
		};
		C4B1E3D628255A3F00C70F0C /* Build configuration list for PBXNativeTarget "UILayout" */ = {
			isa = XCConfigurationList;
			buildConfigurations = (
				C4B1E3D728255A3F00C70F0C /* Debug */,
				C4B1E3D828255A3F00C70F0C /* Release */,
			);
			defaultConfigurationIsVisible = 0;
			defaultConfigurationName = Release;
		};
		C4B1E3D928255A3F00C70F0C /* Build configuration list for PBXNativeTarget "UILayoutTests" */ = {
			isa = XCConfigurationList;
			buildConfigurations = (
				C4B1E3DA28255A3F00C70F0C /* Debug */,
				C4B1E3DB28255A3F00C70F0C /* Release */,
			);
			defaultConfigurationIsVisible = 0;
			defaultConfigurationName = Release;
		};
		C4B1E3DC28255A3F00C70F0C /* Build configuration list for PBXNativeTarget "UILayoutUITests" */ = {
			isa = XCConfigurationList;
			buildConfigurations = (
				C4B1E3DD28255A3F00C70F0C /* Debug */,
				C4B1E3DE28255A3F00C70F0C /* Release */,
			);
			defaultConfigurationIsVisible = 0;
			defaultConfigurationName = Release;
		};
/* End XCConfigurationList section */

/* Begin XCVersionGroup section */
		C4B1E3BB28255A3F00C70F0C /* UILayout.xcdatamodeld */ = {
			isa = XCVersionGroup;
			children = (
				C4B1E3BC28255A3F00C70F0C /* UILayout.xcdatamodel */,
			);
			currentVersion = C4B1E3BC28255A3F00C70F0C /* UILayout.xcdatamodel */;
			path = UILayout.xcdatamodeld;
			sourceTree = "<group>";
			versionGroupType = wrapper.xcdatamodel;
		};
/* End XCVersionGroup section */
	};
	rootObject = C4B1E3A528255A3E00C70F0C /* Project object */;
}
